
Microsoft Visual Studio Solution File, Format Version 12.00
Project("{FAE04EC0-301F-11D3-BF4B-00C04F79EFBC}") = "Webpage for RPi", "Webpage for RPi\Webpage for RPi.csproj", "{9181B524-CBB8-449E-920F-F5254813975A}"
EndProject
Global
	GlobalSection(SolutionConfigurationPlatforms) = preSolution
		Debug|Any CPU = Debug|Any CPU
		Release|Any CPU = Release|Any CPU
	EndGlobalSection
	GlobalSection(ProjectConfigurationPlatforms) = postSolution
		{9181B524-CBB8-449E-920F-F5254813975A}.Debug|Any CPU.ActiveCfg = Debug|Any CPU
		{9181B524-CBB8-449E-920F-F5254813975A}.Debug|Any CPU.Build.0 = Debug|Any CPU
		{9181B524-CBB8-449E-920F-F5254813975A}.Release|Any CPU.ActiveCfg = Release|Any CPU
		{9181B524-CBB8-449E-920F-F5254813975A}.Release|Any CPU.Build.0 = Release|Any CPU
	EndGlobalSection
EndGlobal
